
Microsoft Visual Studio Solution File, Format Version 12.00
# Visual Studio Version 16
VisualStudioVersion = 16.0.31624.102
MinimumVisualStudioVersion = 10.0.40219.1
Project("{FAE04EC0-301F-11D3-BF4B-00C04F79EFBC}") = "ConsoleAppMain", "ConsoleAppMain\ConsoleAppMain.csproj", "{246E4451-8EE1-4A70-A7F8-D4C7FE75CEFE}"
EndProject
Project("{FAE04EC0-301F-11D3-BF4B-00C04F79EFBC}") = "ClassLibraryISMPrakt04", "ClassLibraryISMPrakt04\ClassLibraryISMPrakt04.csproj", "{21C09634-C272-4D3D-A576-4BDFB2BD9C17}"
EndProject
Global
	GlobalSection(SolutionConfigurationPlatforms) = preSolution
		Debug|Any CPU = Debug|Any CPU
		Release|Any CPU = Release|Any CPU
	EndGlobalSection
	GlobalSection(ProjectConfigurationPlatforms) = postSolution
		{246E4451-8EE1-4A70-A7F8-D4C7FE75CEFE}.Debug|Any CPU.ActiveCfg = Debug|Any CPU
		{246E4451-8EE1-4A70-A7F8-D4C7FE75CEFE}.Debug|Any CPU.Build.0 = Debug|Any CPU
		{246E4451-8EE1-4A70-A7F8-D4C7FE75CEFE}.Release|Any CPU.ActiveCfg = Release|Any CPU
		{246E4451-8EE1-4A70-A7F8-D4C7FE75CEFE}.Release|Any CPU.Build.0 = Release|Any CPU
		{21C09634-C272-4D3D-A576-4BDFB2BD9C17}.Debug|Any CPU.ActiveCfg = Debug|Any CPU
		{21C09634-C272-4D3D-A576-4BDFB2BD9C17}.Debug|Any CPU.Build.0 = Debug|Any CPU
		{21C09634-C272-4D3D-A576-4BDFB2BD9C17}.Release|Any CPU.ActiveCfg = Release|Any CPU
		{21C09634-C272-4D3D-A576-4BDFB2BD9C17}.Release|Any CPU.Build.0 = Release|Any CPU
	EndGlobalSection
	GlobalSection(SolutionProperties) = preSolution
		HideSolutionNode = FALSE
	EndGlobalSection
	GlobalSection(ExtensibilityGlobals) = postSolution
		SolutionGuid = {9E936A63-1E3E-425C-B2F1-907DA3C47CA2}
	EndGlobalSection
EndGlobal
